<?xml version="1.0" encoding="utf-8"?>
<Project ToolsVersion="4.0" xmlns="http://schemas.microsoft.com/developer/msbuild/2003">
  <ItemGroup>
    <ClCompile Include="LeftView.cpp" />
    <ClCompile Include="MainFrm.cpp" />
    <ClCompile Include="PdfClimate.cpp" />
    <ClCompile Include="PdfClimateDoc.cpp" />
    <ClCompile Include="PdfClimateView.cpp" />
    <ClCompile Include="stdafx.cpp" />
    <ClCompile Include="ImageProcess\BaseGraphItem.cpp">
      <Filter>ImageProcess</Filter>
    </ClCompile>
    <ClCompile Include="ImageProcess\BaseDocument.cpp">
      <Filter>ImageProcess</Filter>
    </ClCompile>
    <ClCompile Include="ImageProcess\BaseGraph.cpp">
      <Filter>ImageProcess</Filter>
    </ClCompile>
    <ClCompile Include="CtrlLib\LBTabCtrl\LBSpinButtonCtrl.cpp">
      <Filter>CtrlLibs\LBTabCtrl</Filter>
    </ClCompile>
    <ClCompile Include="CtrlLib\LBTabCtrl\LBTabCtrl.cpp">
      <Filter>CtrlLibs\LBTabCtrl</Filter>
    </ClCompile>
    <ClCompile Include="CtrlLib\MySplitterWndEx\MySplitterWndEx.cpp">
      <Filter>CtrlLibs\MySplitterWndEx</Filter>
    </ClCompile>
    <ClCompile Include="DottedGraphView.cpp" />
    <ClCompile Include="FacetGraphView.cpp" />
    <ClCompile Include="LinearGraphView.cpp" />
    <ClCompile Include="ColumnarGraphView.cpp" />
    <ClCompile Include="GraphSelectView.cpp" />
    <ClCompile Include="GlobalVars.cpp" />
    <ClCompile Include="CtrlLib\XHtmlTree\CeXDib.cpp">
      <Filter>CtrlLibs\XHtmlTree</Filter>
    </ClCompile>
    <ClCompile Include="CtrlLib\XHtmlTree\CreateCheckboxImageList.cpp">
      <Filter>CtrlLibs\XHtmlTree</Filter>
    </ClCompile>
    <ClCompile Include="CtrlLib\XHtmlTree\PPDrawManager.cpp">
      <Filter>CtrlLibs\XHtmlTree</Filter>
    </ClCompile>
    <ClCompile Include="CtrlLib\XHtmlTree\PPHtmlDrawer.cpp">
      <Filter>CtrlLibs\XHtmlTree</Filter>
    </ClCompile>
    <ClCompile Include="CtrlLib\XHtmlTree\PPTooltip.cpp">
      <Filter>CtrlLibs\XHtmlTree</Filter>
    </ClCompile>
    <ClCompile Include="CtrlLib\XHtmlTree\VisualStylesXP.cpp">
      <Filter>CtrlLibs\XHtmlTree</Filter>
    </ClCompile>
    <ClCompile Include="CtrlLib\XHtmlTree\XHtmlDraw.cpp">
      <Filter>CtrlLibs\XHtmlTree</Filter>
    </ClCompile>
    <ClCompile Include="CtrlLib\XHtmlTree\XHtmlDrawLink.cpp">
      <Filter>CtrlLibs\XHtmlTree</Filter>
    </ClCompile>
    <ClCompile Include="CtrlLib\XHtmlTree\XHtmlTree.cpp">
      <Filter>CtrlLibs\XHtmlTree</Filter>
    </ClCompile>
    <ClCompile Include="CtrlLib\XHtmlTree\XmlDocument.cpp">
      <Filter>CtrlLibs\XHtmlTree</Filter>
    </ClCompile>
    <ClCompile Include="CtrlLib\XHtmlTree\XNamedColors.cpp">
      <Filter>CtrlLibs\XHtmlTree</Filter>
    </ClCompile>
    <ClCompile Include="CtrlLib\XHtmlTree\XString.cpp">
      <Filter>CtrlLibs\XHtmlTree</Filter>
    </ClCompile>
    <ClCompile Include="UnknownGraphView.cpp" />
    <ClCompile Include="MyPdf.c" />
    <ClCompile Include="DocInfoView.cpp" />
    <ClCompile Include="GraphFormView.cpp" />
  </ItemGroup>
  <ItemGroup>
    <ClInclude Include="LeftView.h" />
    <ClInclude Include="MainFrm.h" />
    <ClInclude Include="PdfClimate.h" />
    <ClInclude Include="PdfClimateDoc.h" />
    <ClInclude Include="PdfClimateView.h" />
    <ClInclude Include="Resource.h" />
    <ClInclude Include="stdafx.h" />
    <ClInclude Include="targetver.h" />
    <ClInclude Include="ImageProcess\BaseGraphItem.h">
      <Filter>ImageProcess</Filter>
    </ClInclude>
    <ClInclude Include="ImageProcess\BaseDocument.h">
      <Filter>ImageProcess</Filter>
    </ClInclude>
    <ClInclude Include="ImageProcess\BaseGraph.h">
      <Filter>ImageProcess</Filter>
    </ClInclude>
    <ClInclude Include="CtrlLib\LBTabCtrl\LBSpinButtonCtrl.h">
      <Filter>CtrlLibs\LBTabCtrl</Filter>
    </ClInclude>
    <ClInclude Include="CtrlLib\LBTabCtrl\LBTabCtrl.h">
      <Filter>CtrlLibs\LBTabCtrl</Filter>
    </ClInclude>
    <ClInclude Include="CtrlLib\MySplitterWndEx\MySplitterWndEx.h">
      <Filter>CtrlLibs\MySplitterWndEx</Filter>
    </ClInclude>
    <ClInclude Include="DottedGraphView.h" />
    <ClInclude Include="FacetGraphView.h" />
    <ClInclude Include="LinearGraphView.h" />
    <ClInclude Include="ColumnarGraphView.h" />
    <ClInclude Include="GraphSelectView.h" />
    <ClInclude Include="CtrlLib\XHtmlTree\CeXDib.h">
      <Filter>CtrlLibs\XHtmlTree</Filter>
    </ClInclude>
    <ClInclude Include="CtrlLib\XHtmlTree\CreateCheckboxImageList.h">
      <Filter>CtrlLibs\XHtmlTree</Filter>
    </ClInclude>
    <ClInclude Include="CtrlLib\XHtmlTree\PPDrawManager.h">
      <Filter>CtrlLibs\XHtmlTree</Filter>
    </ClInclude>
    <ClInclude Include="CtrlLib\XHtmlTree\PPHtmlDrawer.h">
      <Filter>CtrlLibs\XHtmlTree</Filter>
    </ClInclude>
    <ClInclude Include="CtrlLib\XHtmlTree\PPTooltip.h">
      <Filter>CtrlLibs\XHtmlTree</Filter>
    </ClInclude>
    <ClInclude Include="CtrlLib\XHtmlTree\VisualStylesXP.h">
      <Filter>CtrlLibs\XHtmlTree</Filter>
    </ClInclude>
    <ClInclude Include="CtrlLib\XHtmlTree\XHtmlDraw.h">
      <Filter>CtrlLibs\XHtmlTree</Filter>
    </ClInclude>
    <ClInclude Include="CtrlLib\XHtmlTree\XHtmlDrawLink.h">
      <Filter>CtrlLibs\XHtmlTree</Filter>
    </ClInclude>
    <ClInclude Include="CtrlLib\XHtmlTree\XHtmlTree.h">
      <Filter>CtrlLibs\XHtmlTree</Filter>
    </ClInclude>
    <ClInclude Include="CtrlLib\XHtmlTree\XmlDocument.h">
      <Filter>CtrlLibs\XHtmlTree</Filter>
    </ClInclude>
    <ClInclude Include="CtrlLib\XHtmlTree\XNamedColors.h">
      <Filter>CtrlLibs\XHtmlTree</Filter>
    </ClInclude>
    <ClInclude Include="CtrlLib\XHtmlTree\XString.h">
      <Filter>CtrlLibs\XHtmlTree</Filter>
    </ClInclude>
    <ClInclude Include="CtrlLib\XHtmlTree\XTrace.h">
      <Filter>CtrlLibs\XHtmlTree</Filter>
    </ClInclude>
    <ClInclude Include="UnknownGraphView.h" />
    <ClInclude Include="GlobalVars.h" />
    <ClInclude Include="MyPdf.h" />
    <ClInclude Include="DocInfoView.h" />
    <ClInclude Include="GraphFormView.h" />
  </ItemGroup>
  <ItemGroup>
    <ResourceCompile Include="PdfClimate.rc" />
  </ItemGroup>
  <ItemGroup>
    <None Include="res\PdfClimate.ico" />
    <None Include="res\PdfClimate.rc2" />
    <None Include="res\PdfClimateDoc.ico" />
    <None Include="res\Toolbar.bmp" />
    <None Include="res\Toolbar256.bmp" />
    <None Include="UserImages.bmp" />
    <None Include="ReadMe.txt" />
    <None Include="res\state_images.bmp" />
    <None Include="res\pdf_toolbar.bmp" />
  </ItemGroup>
  <ItemGroup>
    <Filter Include="ImageProcess">
      <UniqueIdentifier>{6624fb7e-14d7-4c65-8e64-c809a3875b4f}</UniqueIdentifier>
    </Filter>
    <Filter Include="CtrlLibs">
      <UniqueIdentifier>{ce0ea0c8-5c5b-40bb-bd73-9bae7fad9d60}</UniqueIdentifier>
    </Filter>
    <Filter Include="CtrlLibs\LBTabCtrl">
      <UniqueIdentifier>{ae766015-3070-4ee1-b199-c1acc9de11fb}</UniqueIdentifier>
    </Filter>
    <Filter Include="CtrlLibs\MySplitterWndEx">
      <UniqueIdentifier>{d1115349-5099-4e9e-ade7-1dea99b62ff0}</UniqueIdentifier>
    </Filter>
    <Filter Include="CtrlLibs\XHtmlTree">
      <UniqueIdentifier>{0bf40a56-da01-4af0-9492-b8ea31e09642}</UniqueIdentifier>
    </Filter>
  </ItemGroup>
</Project>