
Microsoft Visual Studio Solution File, Format Version 9.00
# Visual Studio 2005
Project("{8BC9CEB8-8B4A-11D0-8D11-00A0C91BC942}") = "SmartZip", "SmartZip.vcproj", "{27960D31-0892-473F-B777-E5F1239C4FA7}"
EndProject
Project("{8BC9CEB8-8B4A-11D0-8D11-00A0C91BC942}") = "ZipArchive", "ZipArchive\ZipArchive.vcproj", "{A51CF340-B0EA-4C9B-A2FA-4D7487692EF5}"
EndProject
Project("{8BC9CEB8-8B4A-11D0-8D11-00A0C91BC942}") = "GuiLib", "GuiLib\GuiLib.vcproj", "{E4090400-6201-4DA7-A32B-F065CE5C6039}"
EndProject
Global
	GlobalSection(SolutionConfigurationPlatforms) = preSolution
		Debug MFC MD DLL|Win32 = Debug MFC MD DLL|Win32
		Debug MFC MD|Win32 = Debug MFC MD|Win32
		Debug MFC MT|Win32 = Debug MFC MT|Win32
		Debug STL MD DLL|Win32 = Debug STL MD DLL|Win32
		Debug STL MD|Win32 = Debug STL MD|Win32
		Debug STL MT|Win32 = Debug STL MT|Win32
		Debug Unicode MFC MD DLL|Win32 = Debug Unicode MFC MD DLL|Win32
		Debug Unicode MFC MD|Win32 = Debug Unicode MFC MD|Win32
		Debug Unicode MFC MT|Win32 = Debug Unicode MFC MT|Win32
		Debug Unicode STL MD DLL|Win32 = Debug Unicode STL MD DLL|Win32
		Debug Unicode STL MD|Win32 = Debug Unicode STL MD|Win32
		Debug Unicode STL MT|Win32 = Debug Unicode STL MT|Win32
		Debug Unicode|Win32 = Debug Unicode|Win32
		Debug|Win32 = Debug|Win32
		Release MFC MD DLL|Win32 = Release MFC MD DLL|Win32
		Release MFC MD|Win32 = Release MFC MD|Win32
		Release MFC MT|Win32 = Release MFC MT|Win32
		Release STL MD DLL|Win32 = Release STL MD DLL|Win32
		Release STL MD|Win32 = Release STL MD|Win32
		Release STL MT|Win32 = Release STL MT|Win32
		Release Unicode MFC MD DLL|Win32 = Release Unicode MFC MD DLL|Win32
		Release Unicode MFC MD|Win32 = Release Unicode MFC MD|Win32
		Release Unicode MFC MT|Win32 = Release Unicode MFC MT|Win32
		Release Unicode STL MD DLL|Win32 = Release Unicode STL MD DLL|Win32
		Release Unicode STL MD|Win32 = Release Unicode STL MD|Win32
		Release Unicode STL MT|Win32 = Release Unicode STL MT|Win32
		Release Unicode|Win32 = Release Unicode|Win32
		Release|Win32 = Release|Win32
		STATIC Release|Win32 = STATIC Release|Win32
	EndGlobalSection
	GlobalSection(ProjectConfigurationPlatforms) = postSolution
		{27960D31-0892-473F-B777-E5F1239C4FA7}.Debug MFC MD DLL|Win32.ActiveCfg = Debug|Win32
		{27960D31-0892-473F-B777-E5F1239C4FA7}.Debug MFC MD DLL|Win32.Build.0 = Debug|Win32
		{27960D31-0892-473F-B777-E5F1239C4FA7}.Debug MFC MD|Win32.ActiveCfg = Debug|Win32
		{27960D31-0892-473F-B777-E5F1239C4FA7}.Debug MFC MD|Win32.Build.0 = Debug|Win32
		{27960D31-0892-473F-B777-E5F1239C4FA7}.Debug MFC MT|Win32.ActiveCfg = Debug|Win32
		{27960D31-0892-473F-B777-E5F1239C4FA7}.Debug MFC MT|Win32.Build.0 = Debug|Win32
		{27960D31-0892-473F-B777-E5F1239C4FA7}.Debug STL MD DLL|Win32.ActiveCfg = Debug|Win32
		{27960D31-0892-473F-B777-E5F1239C4FA7}.Debug STL MD DLL|Win32.Build.0 = Debug|Win32
		{27960D31-0892-473F-B777-E5F1239C4FA7}.Debug STL MD|Win32.ActiveCfg = Debug|Win32
		{27960D31-0892-473F-B777-E5F1239C4FA7}.Debug STL MD|Win32.Build.0 = Debug|Win32
		{27960D31-0892-473F-B777-E5F1239C4FA7}.Debug STL MT|Win32.ActiveCfg = Debug|Win32
		{27960D31-0892-473F-B777-E5F1239C4FA7}.Debug STL MT|Win32.Build.0 = Debug|Win32
		{27960D31-0892-473F-B777-E5F1239C4FA7}.Debug Unicode MFC MD DLL|Win32.ActiveCfg = Debug|Win32
		{27960D31-0892-473F-B777-E5F1239C4FA7}.Debug Unicode MFC MD DLL|Win32.Build.0 = Debug|Win32
		{27960D31-0892-473F-B777-E5F1239C4FA7}.Debug Unicode MFC MD|Win32.ActiveCfg = Debug|Win32
		{27960D31-0892-473F-B777-E5F1239C4FA7}.Debug Unicode MFC MD|Win32.Build.0 = Debug|Win32
		{27960D31-0892-473F-B777-E5F1239C4FA7}.Debug Unicode MFC MT|Win32.ActiveCfg = Debug|Win32
		{27960D31-0892-473F-B777-E5F1239C4FA7}.Debug Unicode MFC MT|Win32.Build.0 = Debug|Win32
		{27960D31-0892-473F-B777-E5F1239C4FA7}.Debug Unicode STL MD DLL|Win32.ActiveCfg = Debug|Win32
		{27960D31-0892-473F-B777-E5F1239C4FA7}.Debug Unicode STL MD DLL|Win32.Build.0 = Debug|Win32
		{27960D31-0892-473F-B777-E5F1239C4FA7}.Debug Unicode STL MD|Win32.ActiveCfg = Debug|Win32
		{27960D31-0892-473F-B777-E5F1239C4FA7}.Debug Unicode STL MD|Win32.Build.0 = Debug|Win32
		{27960D31-0892-473F-B777-E5F1239C4FA7}.Debug Unicode STL MT|Win32.ActiveCfg = Debug|Win32
		{27960D31-0892-473F-B777-E5F1239C4FA7}.Debug Unicode STL MT|Win32.Build.0 = Debug|Win32
		{27960D31-0892-473F-B777-E5F1239C4FA7}.Debug Unicode|Win32.ActiveCfg = Debug|Win32
		{27960D31-0892-473F-B777-E5F1239C4FA7}.Debug Unicode|Win32.Build.0 = Debug|Win32
		{27960D31-0892-473F-B777-E5F1239C4FA7}.Debug|Win32.ActiveCfg = Debug|Win32
		{27960D31-0892-473F-B777-E5F1239C4FA7}.Debug|Win32.Build.0 = Debug|Win32
		{27960D31-0892-473F-B777-E5F1239C4FA7}.Release MFC MD DLL|Win32.ActiveCfg = STATIC Release|Win32
		{27960D31-0892-473F-B777-E5F1239C4FA7}.Release MFC MD DLL|Win32.Build.0 = STATIC Release|Win32
		{27960D31-0892-473F-B777-E5F1239C4FA7}.Release MFC MD|Win32.ActiveCfg = STATIC Release|Win32
		{27960D31-0892-473F-B777-E5F1239C4FA7}.Release MFC MD|Win32.Build.0 = STATIC Release|Win32
		{27960D31-0892-473F-B777-E5F1239C4FA7}.Release MFC MT|Win32.ActiveCfg = STATIC Release|Win32
		{27960D31-0892-473F-B777-E5F1239C4FA7}.Release MFC MT|Win32.Build.0 = STATIC Release|Win32
		{27960D31-0892-473F-B777-E5F1239C4FA7}.Release STL MD DLL|Win32.ActiveCfg = STATIC Release|Win32
		{27960D31-0892-473F-B777-E5F1239C4FA7}.Release STL MD DLL|Win32.Build.0 = STATIC Release|Win32
		{27960D31-0892-473F-B777-E5F1239C4FA7}.Release STL MD|Win32.ActiveCfg = STATIC Release|Win32
		{27960D31-0892-473F-B777-E5F1239C4FA7}.Release STL MD|Win32.Build.0 = STATIC Release|Win32
		{27960D31-0892-473F-B777-E5F1239C4FA7}.Release STL MT|Win32.ActiveCfg = STATIC Release|Win32
		{27960D31-0892-473F-B777-E5F1239C4FA7}.Release STL MT|Win32.Build.0 = STATIC Release|Win32
		{27960D31-0892-473F-B777-E5F1239C4FA7}.Release Unicode MFC MD DLL|Win32.ActiveCfg = STATIC Release|Win32
		{27960D31-0892-473F-B777-E5F1239C4FA7}.Release Unicode MFC MD DLL|Win32.Build.0 = STATIC Release|Win32
		{27960D31-0892-473F-B777-E5F1239C4FA7}.Release Unicode MFC MD|Win32.ActiveCfg = STATIC Release|Win32
		{27960D31-0892-473F-B777-E5F1239C4FA7}.Release Unicode MFC MD|Win32.Build.0 = STATIC Release|Win32
		{27960D31-0892-473F-B777-E5F1239C4FA7}.Release Unicode MFC MT|Win32.ActiveCfg = STATIC Release|Win32
		{27960D31-0892-473F-B777-E5F1239C4FA7}.Release Unicode MFC MT|Win32.Build.0 = STATIC Release|Win32
		{27960D31-0892-473F-B777-E5F1239C4FA7}.Release Unicode STL MD DLL|Win32.ActiveCfg = STATIC Release|Win32
		{27960D31-0892-473F-B777-E5F1239C4FA7}.Release Unicode STL MD DLL|Win32.Build.0 = STATIC Release|Win32
		{27960D31-0892-473F-B777-E5F1239C4FA7}.Release Unicode STL MD|Win32.ActiveCfg = STATIC Release|Win32
		{27960D31-0892-473F-B777-E5F1239C4FA7}.Release Unicode STL MD|Win32.Build.0 = STATIC Release|Win32
		{27960D31-0892-473F-B777-E5F1239C4FA7}.Release Unicode STL MT|Win32.ActiveCfg = STATIC Release|Win32
		{27960D31-0892-473F-B777-E5F1239C4FA7}.Release Unicode STL MT|Win32.Build.0 = STATIC Release|Win32
		{27960D31-0892-473F-B777-E5F1239C4FA7}.Release Unicode|Win32.ActiveCfg = STATIC Release|Win32
		{27960D31-0892-473F-B777-E5F1239C4FA7}.Release Unicode|Win32.Build.0 = STATIC Release|Win32
		{27960D31-0892-473F-B777-E5F1239C4FA7}.Release|Win32.ActiveCfg = STATIC Release|Win32
		{27960D31-0892-473F-B777-E5F1239C4FA7}.Release|Win32.Build.0 = STATIC Release|Win32
		{27960D31-0892-473F-B777-E5F1239C4FA7}.STATIC Release|Win32.ActiveCfg = STATIC Release|Win32
		{27960D31-0892-473F-B777-E5F1239C4FA7}.STATIC Release|Win32.Build.0 = STATIC Release|Win32
		{A51CF340-B0EA-4C9B-A2FA-4D7487692EF5}.Debug MFC MD DLL|Win32.ActiveCfg = Debug MFC MD DLL|Win32
		{A51CF340-B0EA-4C9B-A2FA-4D7487692EF5}.Debug MFC MD DLL|Win32.Build.0 = Debug MFC MD DLL|Win32
		{A51CF340-B0EA-4C9B-A2FA-4D7487692EF5}.Debug MFC MD|Win32.ActiveCfg = Debug MFC MD|Win32
		{A51CF340-B0EA-4C9B-A2FA-4D7487692EF5}.Debug MFC MD|Win32.Build.0 = Debug MFC MD|Win32
		{A51CF340-B0EA-4C9B-A2FA-4D7487692EF5}.Debug MFC MT|Win32.ActiveCfg = Debug MFC MT|Win32
		{A51CF340-B0EA-4C9B-A2FA-4D7487692EF5}.Debug MFC MT|Win32.Build.0 = Debug MFC MT|Win32
		{A51CF340-B0EA-4C9B-A2FA-4D7487692EF5}.Debug STL MD DLL|Win32.ActiveCfg = Debug STL MD DLL|Win32
		{A51CF340-B0EA-4C9B-A2FA-4D7487692EF5}.Debug STL MD DLL|Win32.Build.0 = Debug STL MD DLL|Win32
		{A51CF340-B0EA-4C9B-A2FA-4D7487692EF5}.Debug STL MD|Win32.ActiveCfg = Debug STL MD|Win32
		{A51CF340-B0EA-4C9B-A2FA-4D7487692EF5}.Debug STL MD|Win32.Build.0 = Debug STL MD|Win32
		{A51CF340-B0EA-4C9B-A2FA-4D7487692EF5}.Debug STL MT|Win32.ActiveCfg = Debug STL MT|Win32
		{A51CF340-B0EA-4C9B-A2FA-4D7487692EF5}.Debug STL MT|Win32.Build.0 = Debug STL MT|Win32
		{A51CF340-B0EA-4C9B-A2FA-4D7487692EF5}.Debug Unicode MFC MD DLL|Win32.ActiveCfg = Debug Unicode MFC MD DLL|Win32
		{A51CF340-B0EA-4C9B-A2FA-4D7487692EF5}.Debug Unicode MFC MD DLL|Win32.Build.0 = Debug Unicode MFC MD DLL|Win32
		{A51CF340-B0EA-4C9B-A2FA-4D7487692EF5}.Debug Unicode MFC MD|Win32.ActiveCfg = Debug Unicode MFC MD|Win32
		{A51CF340-B0EA-4C9B-A2FA-4D7487692EF5}.Debug Unicode MFC MD|Win32.Build.0 = Debug Unicode MFC MD|Win32
		{A51CF340-B0EA-4C9B-A2FA-4D7487692EF5}.Debug Unicode MFC MT|Win32.ActiveCfg = Debug Unicode MFC MT|Win32
		{A51CF340-B0EA-4C9B-A2FA-4D7487692EF5}.Debug Unicode MFC MT|Win32.Build.0 = Debug Unicode MFC MT|Win32
		{A51CF340-B0EA-4C9B-A2FA-4D7487692EF5}.Debug Unicode STL MD DLL|Win32.ActiveCfg = Debug Unicode STL MD DLL|Win32
		{A51CF340-B0EA-4C9B-A2FA-4D7487692EF5}.Debug Unicode STL MD DLL|Win32.Build.0 = Debug Unicode STL MD DLL|Win32
		{A51CF340-B0EA-4C9B-A2FA-4D7487692EF5}.Debug Unicode STL MD|Win32.ActiveCfg = Debug Unicode STL MD|Win32
		{A51CF340-B0EA-4C9B-A2FA-4D7487692EF5}.Debug Unicode STL MD|Win32.Build.0 = Debug Unicode STL MD|Win32
		{A51CF340-B0EA-4C9B-A2FA-4D7487692EF5}.Debug Unicode STL MT|Win32.ActiveCfg = Debug Unicode STL MT|Win32
		{A51CF340-B0EA-4C9B-A2FA-4D7487692EF5}.Debug Unicode STL MT|Win32.Build.0 = Debug Unicode STL MT|Win32
		{A51CF340-B0EA-4C9B-A2FA-4D7487692EF5}.Debug Unicode|Win32.ActiveCfg = Debug Unicode STL MD DLL|Win32
		{A51CF340-B0EA-4C9B-A2FA-4D7487692EF5}.Debug Unicode|Win32.Build.0 = Debug Unicode STL MD DLL|Win32
		{A51CF340-B0EA-4C9B-A2FA-4D7487692EF5}.Debug|Win32.ActiveCfg = Debug MFC MD DLL|Win32
		{A51CF340-B0EA-4C9B-A2FA-4D7487692EF5}.Debug|Win32.Build.0 = Debug MFC MD DLL|Win32
		{A51CF340-B0EA-4C9B-A2FA-4D7487692EF5}.Release MFC MD DLL|Win32.ActiveCfg = Release MFC MD DLL|Win32
		{A51CF340-B0EA-4C9B-A2FA-4D7487692EF5}.Release MFC MD DLL|Win32.Build.0 = Release MFC MD DLL|Win32
		{A51CF340-B0EA-4C9B-A2FA-4D7487692EF5}.Release MFC MD|Win32.ActiveCfg = Release MFC MD|Win32
		{A51CF340-B0EA-4C9B-A2FA-4D7487692EF5}.Release MFC MD|Win32.Build.0 = Release MFC MD|Win32
		{A51CF340-B0EA-4C9B-A2FA-4D7487692EF5}.Release MFC MT|Win32.ActiveCfg = Release MFC MT|Win32
		{A51CF340-B0EA-4C9B-A2FA-4D7487692EF5}.Release MFC MT|Win32.Build.0 = Release MFC MT|Win32
		{A51CF340-B0EA-4C9B-A2FA-4D7487692EF5}.Release STL MD DLL|Win32.ActiveCfg = Release STL MD DLL|Win32
		{A51CF340-B0EA-4C9B-A2FA-4D7487692EF5}.Release STL MD DLL|Win32.Build.0 = Release STL MD DLL|Win32
		{A51CF340-B0EA-4C9B-A2FA-4D7487692EF5}.Release STL MD|Win32.ActiveCfg = Release STL MD|Win32
		{A51CF340-B0EA-4C9B-A2FA-4D7487692EF5}.Release STL MD|Win32.Build.0 = Release STL MD|Win32
		{A51CF340-B0EA-4C9B-A2FA-4D7487692EF5}.Release STL MT|Win32.ActiveCfg = Release STL MT|Win32
		{A51CF340-B0EA-4C9B-A2FA-4D7487692EF5}.Release STL MT|Win32.Build.0 = Release STL MT|Win32
		{A51CF340-B0EA-4C9B-A2FA-4D7487692EF5}.Release Unicode MFC MD DLL|Win32.ActiveCfg = Release Unicode MFC MD DLL|Win32
		{A51CF340-B0EA-4C9B-A2FA-4D7487692EF5}.Release Unicode MFC MD DLL|Win32.Build.0 = Release Unicode MFC MD DLL|Win32
		{A51CF340-B0EA-4C9B-A2FA-4D7487692EF5}.Release Unicode MFC MD|Win32.ActiveCfg = Release Unicode MFC MD|Win32
		{A51CF340-B0EA-4C9B-A2FA-4D7487692EF5}.Release Unicode MFC MD|Win32.Build.0 = Release Unicode MFC MD|Win32
		{A51CF340-B0EA-4C9B-A2FA-4D7487692EF5}.Release Unicode MFC MT|Win32.ActiveCfg = Release Unicode MFC MT|Win32
		{A51CF340-B0EA-4C9B-A2FA-4D7487692EF5}.Release Unicode MFC MT|Win32.Build.0 = Release Unicode MFC MT|Win32
		{A51CF340-B0EA-4C9B-A2FA-4D7487692EF5}.Release Unicode STL MD DLL|Win32.ActiveCfg = Release Unicode STL MD DLL|Win32
		{A51CF340-B0EA-4C9B-A2FA-4D7487692EF5}.Release Unicode STL MD DLL|Win32.Build.0 = Release Unicode STL MD DLL|Win32
		{A51CF340-B0EA-4C9B-A2FA-4D7487692EF5}.Release Unicode STL MD|Win32.ActiveCfg = Release Unicode STL MD|Win32
		{A51CF340-B0EA-4C9B-A2FA-4D7487692EF5}.Release Unicode STL MD|Win32.Build.0 = Release Unicode STL MD|Win32
		{A51CF340-B0EA-4C9B-A2FA-4D7487692EF5}.Release Unicode STL MT|Win32.ActiveCfg = Release Unicode STL MT|Win32
		{A51CF340-B0EA-4C9B-A2FA-4D7487692EF5}.Release Unicode STL MT|Win32.Build.0 = Release Unicode STL MT|Win32
		{A51CF340-B0EA-4C9B-A2FA-4D7487692EF5}.Release Unicode|Win32.ActiveCfg = Release Unicode STL MD DLL|Win32
		{A51CF340-B0EA-4C9B-A2FA-4D7487692EF5}.Release Unicode|Win32.Build.0 = Release Unicode STL MD DLL|Win32
		{A51CF340-B0EA-4C9B-A2FA-4D7487692EF5}.Release|Win32.ActiveCfg = Release Unicode STL MD DLL|Win32
		{A51CF340-B0EA-4C9B-A2FA-4D7487692EF5}.Release|Win32.Build.0 = Release Unicode STL MD DLL|Win32
		{A51CF340-B0EA-4C9B-A2FA-4D7487692EF5}.STATIC Release|Win32.ActiveCfg = Release Unicode STL MD DLL|Win32
		{A51CF340-B0EA-4C9B-A2FA-4D7487692EF5}.STATIC Release|Win32.Build.0 = Release Unicode STL MD DLL|Win32
		{E4090400-6201-4DA7-A32B-F065CE5C6039}.Debug MFC MD DLL|Win32.ActiveCfg = Debug|Win32
		{E4090400-6201-4DA7-A32B-F065CE5C6039}.Debug MFC MD DLL|Win32.Build.0 = Debug|Win32
		{E4090400-6201-4DA7-A32B-F065CE5C6039}.Debug MFC MD|Win32.ActiveCfg = Debug Unicode|Win32
		{E4090400-6201-4DA7-A32B-F065CE5C6039}.Debug MFC MD|Win32.Build.0 = Debug Unicode|Win32
		{E4090400-6201-4DA7-A32B-F065CE5C6039}.Debug MFC MT|Win32.ActiveCfg = Debug Unicode|Win32
		{E4090400-6201-4DA7-A32B-F065CE5C6039}.Debug MFC MT|Win32.Build.0 = Debug Unicode|Win32
		{E4090400-6201-4DA7-A32B-F065CE5C6039}.Debug STL MD DLL|Win32.ActiveCfg = Debug Unicode|Win32
		{E4090400-6201-4DA7-A32B-F065CE5C6039}.Debug STL MD DLL|Win32.Build.0 = Debug Unicode|Win32
		{E4090400-6201-4DA7-A32B-F065CE5C6039}.Debug STL MD|Win32.ActiveCfg = Debug Unicode|Win32
		{E4090400-6201-4DA7-A32B-F065CE5C6039}.Debug STL MD|Win32.Build.0 = Debug Unicode|Win32
		{E4090400-6201-4DA7-A32B-F065CE5C6039}.Debug STL MT|Win32.ActiveCfg = Debug Unicode|Win32
		{E4090400-6201-4DA7-A32B-F065CE5C6039}.Debug STL MT|Win32.Build.0 = Debug Unicode|Win32
		{E4090400-6201-4DA7-A32B-F065CE5C6039}.Debug Unicode MFC MD DLL|Win32.ActiveCfg = Debug Unicode|Win32
		{E4090400-6201-4DA7-A32B-F065CE5C6039}.Debug Unicode MFC MD DLL|Win32.Build.0 = Debug Unicode|Win32
		{E4090400-6201-4DA7-A32B-F065CE5C6039}.Debug Unicode MFC MD|Win32.ActiveCfg = Debug Unicode|Win32
		{E4090400-6201-4DA7-A32B-F065CE5C6039}.Debug Unicode MFC MD|Win32.Build.0 = Debug Unicode|Win32
		{E4090400-6201-4DA7-A32B-F065CE5C6039}.Debug Unicode MFC MT|Win32.ActiveCfg = Debug Unicode|Win32
		{E4090400-6201-4DA7-A32B-F065CE5C6039}.Debug Unicode MFC MT|Win32.Build.0 = Debug Unicode|Win32
		{E4090400-6201-4DA7-A32B-F065CE5C6039}.Debug Unicode STL MD DLL|Win32.ActiveCfg = Debug Unicode|Win32
		{E4090400-6201-4DA7-A32B-F065CE5C6039}.Debug Unicode STL MD DLL|Win32.Build.0 = Debug Unicode|Win32
		{E4090400-6201-4DA7-A32B-F065CE5C6039}.Debug Unicode STL MD|Win32.ActiveCfg = Debug Unicode|Win32
		{E4090400-6201-4DA7-A32B-F065CE5C6039}.Debug Unicode STL MD|Win32.Build.0 = Debug Unicode|Win32
		{E4090400-6201-4DA7-A32B-F065CE5C6039}.Debug Unicode STL MT|Win32.ActiveCfg = Debug Unicode|Win32
		{E4090400-6201-4DA7-A32B-F065CE5C6039}.Debug Unicode STL MT|Win32.Build.0 = Debug Unicode|Win32
		{E4090400-6201-4DA7-A32B-F065CE5C6039}.Debug Unicode|Win32.ActiveCfg = Debug Unicode|Win32
		{E4090400-6201-4DA7-A32B-F065CE5C6039}.Debug Unicode|Win32.Build.0 = Debug Unicode|Win32
		{E4090400-6201-4DA7-A32B-F065CE5C6039}.Debug|Win32.ActiveCfg = Debug|Win32
		{E4090400-6201-4DA7-A32B-F065CE5C6039}.Debug|Win32.Build.0 = Debug|Win32
		{E4090400-6201-4DA7-A32B-F065CE5C6039}.Release MFC MD DLL|Win32.ActiveCfg = Release Unicode|Win32
		{E4090400-6201-4DA7-A32B-F065CE5C6039}.Release MFC MD DLL|Win32.Build.0 = Release Unicode|Win32
		{E4090400-6201-4DA7-A32B-F065CE5C6039}.Release MFC MD|Win32.ActiveCfg = Release Unicode|Win32
		{E4090400-6201-4DA7-A32B-F065CE5C6039}.Release MFC MD|Win32.Build.0 = Release Unicode|Win32
		{E4090400-6201-4DA7-A32B-F065CE5C6039}.Release MFC MT|Win32.ActiveCfg = Release Unicode|Win32
		{E4090400-6201-4DA7-A32B-F065CE5C6039}.Release MFC MT|Win32.Build.0 = Release Unicode|Win32
		{E4090400-6201-4DA7-A32B-F065CE5C6039}.Release STL MD DLL|Win32.ActiveCfg = Release Unicode|Win32
		{E4090400-6201-4DA7-A32B-F065CE5C6039}.Release STL MD DLL|Win32.Build.0 = Release Unicode|Win32
		{E4090400-6201-4DA7-A32B-F065CE5C6039}.Release STL MD|Win32.ActiveCfg = Release Unicode|Win32
		{E4090400-6201-4DA7-A32B-F065CE5C6039}.Release STL MD|Win32.Build.0 = Release Unicode|Win32
		{E4090400-6201-4DA7-A32B-F065CE5C6039}.Release STL MT|Win32.ActiveCfg = Release Unicode|Win32
		{E4090400-6201-4DA7-A32B-F065CE5C6039}.Release STL MT|Win32.Build.0 = Release Unicode|Win32
		{E4090400-6201-4DA7-A32B-F065CE5C6039}.Release Unicode MFC MD DLL|Win32.ActiveCfg = Release Unicode|Win32
		{E4090400-6201-4DA7-A32B-F065CE5C6039}.Release Unicode MFC MD DLL|Win32.Build.0 = Release Unicode|Win32
		{E4090400-6201-4DA7-A32B-F065CE5C6039}.Release Unicode MFC MD|Win32.ActiveCfg = Release Unicode|Win32
		{E4090400-6201-4DA7-A32B-F065CE5C6039}.Release Unicode MFC MD|Win32.Build.0 = Release Unicode|Win32
		{E4090400-6201-4DA7-A32B-F065CE5C6039}.Release Unicode MFC MT|Win32.ActiveCfg = Release Unicode|Win32
		{E4090400-6201-4DA7-A32B-F065CE5C6039}.Release Unicode MFC MT|Win32.Build.0 = Release Unicode|Win32
		{E4090400-6201-4DA7-A32B-F065CE5C6039}.Release Unicode STL MD DLL|Win32.ActiveCfg = Release Unicode|Win32
		{E4090400-6201-4DA7-A32B-F065CE5C6039}.Release Unicode STL MD DLL|Win32.Build.0 = Release Unicode|Win32
		{E4090400-6201-4DA7-A32B-F065CE5C6039}.Release Unicode STL MD|Win32.ActiveCfg = Release Unicode|Win32
		{E4090400-6201-4DA7-A32B-F065CE5C6039}.Release Unicode STL MD|Win32.Build.0 = Release Unicode|Win32
		{E4090400-6201-4DA7-A32B-F065CE5C6039}.Release Unicode STL MT|Win32.ActiveCfg = Release Unicode|Win32
		{E4090400-6201-4DA7-A32B-F065CE5C6039}.Release Unicode STL MT|Win32.Build.0 = Release Unicode|Win32
		{E4090400-6201-4DA7-A32B-F065CE5C6039}.Release Unicode|Win32.ActiveCfg = Release Unicode|Win32
		{E4090400-6201-4DA7-A32B-F065CE5C6039}.Release Unicode|Win32.Build.0 = Release Unicode|Win32
		{E4090400-6201-4DA7-A32B-F065CE5C6039}.Release|Win32.ActiveCfg = Release|Win32
		{E4090400-6201-4DA7-A32B-F065CE5C6039}.Release|Win32.Build.0 = Release|Win32
		{E4090400-6201-4DA7-A32B-F065CE5C6039}.STATIC Release|Win32.ActiveCfg = Release|Win32
		{E4090400-6201-4DA7-A32B-F065CE5C6039}.STATIC Release|Win32.Build.0 = Release|Win32
	EndGlobalSection
	GlobalSection(SolutionProperties) = preSolution
		HideSolutionNode = FALSE
	EndGlobalSection
EndGlobal
