
Microsoft Visual Studio Solution File, Format Version 11.00
# Visual Studio 2010
Project("{8BC9CEB8-8B4A-11D0-8D11-00A0C91BC942}") = "PdfClimate", "PdfClimate\PdfClimate.vcxproj", "{60CFB86D-65FB-4898-8760-2357E43D3B93}"
EndProject
Project("{8BC9CEB8-8B4A-11D0-8D11-00A0C91BC942}") = "generated", "mupdf\win32\generated.vcxproj", "{A5053AA7-02E5-4903-B596-04F17AEB1526}"
EndProject
Project("{8BC9CEB8-8B4A-11D0-8D11-00A0C91BC942}") = "libmupdf", "mupdf\win32\libmupdf.vcxproj", "{5F615F91-DFF8-4F05-BF48-6222B7D86519}"
EndProject
Project("{8BC9CEB8-8B4A-11D0-8D11-00A0C91BC942}") = "libmupdf-nov8", "mupdf\win32\libmupdf-nov8.vcxproj", "{EC81A9F3-88A6-4170-B7B4-C41CB789A7F6}"
EndProject
Project("{8BC9CEB8-8B4A-11D0-8D11-00A0C91BC942}") = "mupdf", "mupdf\win32\mupdf.vcxproj", "{E74F29F0-FA43-4ADC-B92C-6AFA08E4A417}"
EndProject
Project("{8BC9CEB8-8B4A-11D0-8D11-00A0C91BC942}") = "libthirdparty", "mupdf\win32\libthirdparty.vcxproj", "{5EDCF4FD-0291-4FB9-8D96-D58957CA5E3C}"
EndProject
Global
	GlobalSection(SolutionConfigurationPlatforms) = preSolution
		Debug|Win32 = Debug|Win32
		Installer-Debug|Win32 = Installer-Debug|Win32
		Installer-Release|Win32 = Installer-Release|Win32
		Memento|Win32 = Memento|Win32
		Release|Win32 = Release|Win32
	EndGlobalSection
	GlobalSection(ProjectConfigurationPlatforms) = postSolution
		{60CFB86D-65FB-4898-8760-2357E43D3B93}.Debug|Win32.ActiveCfg = Debug|Win32
		{60CFB86D-65FB-4898-8760-2357E43D3B93}.Debug|Win32.Build.0 = Debug|Win32
		{60CFB86D-65FB-4898-8760-2357E43D3B93}.Installer-Debug|Win32.ActiveCfg = Debug|Win32
		{60CFB86D-65FB-4898-8760-2357E43D3B93}.Installer-Debug|Win32.Build.0 = Debug|Win32
		{60CFB86D-65FB-4898-8760-2357E43D3B93}.Installer-Release|Win32.ActiveCfg = Release|Win32
		{60CFB86D-65FB-4898-8760-2357E43D3B93}.Installer-Release|Win32.Build.0 = Release|Win32
		{60CFB86D-65FB-4898-8760-2357E43D3B93}.Memento|Win32.ActiveCfg = Release|Win32
		{60CFB86D-65FB-4898-8760-2357E43D3B93}.Memento|Win32.Build.0 = Release|Win32
		{60CFB86D-65FB-4898-8760-2357E43D3B93}.Release|Win32.ActiveCfg = Release|Win32
		{60CFB86D-65FB-4898-8760-2357E43D3B93}.Release|Win32.Build.0 = Release|Win32
		{A5053AA7-02E5-4903-B596-04F17AEB1526}.Debug|Win32.ActiveCfg = Debug|Win32
		{A5053AA7-02E5-4903-B596-04F17AEB1526}.Debug|Win32.Build.0 = Debug|Win32
		{A5053AA7-02E5-4903-B596-04F17AEB1526}.Installer-Debug|Win32.ActiveCfg = Debug|Win32
		{A5053AA7-02E5-4903-B596-04F17AEB1526}.Installer-Debug|Win32.Build.0 = Debug|Win32
		{A5053AA7-02E5-4903-B596-04F17AEB1526}.Installer-Release|Win32.ActiveCfg = Release|Win32
		{A5053AA7-02E5-4903-B596-04F17AEB1526}.Installer-Release|Win32.Build.0 = Release|Win32
		{A5053AA7-02E5-4903-B596-04F17AEB1526}.Memento|Win32.ActiveCfg = Memento|Win32
		{A5053AA7-02E5-4903-B596-04F17AEB1526}.Memento|Win32.Build.0 = Memento|Win32
		{A5053AA7-02E5-4903-B596-04F17AEB1526}.Release|Win32.ActiveCfg = Release|Win32
		{A5053AA7-02E5-4903-B596-04F17AEB1526}.Release|Win32.Build.0 = Release|Win32
		{5F615F91-DFF8-4F05-BF48-6222B7D86519}.Debug|Win32.ActiveCfg = Debug|Win32
		{5F615F91-DFF8-4F05-BF48-6222B7D86519}.Debug|Win32.Build.0 = Debug|Win32
		{5F615F91-DFF8-4F05-BF48-6222B7D86519}.Installer-Debug|Win32.ActiveCfg = Debug|Win32
		{5F615F91-DFF8-4F05-BF48-6222B7D86519}.Installer-Debug|Win32.Build.0 = Debug|Win32
		{5F615F91-DFF8-4F05-BF48-6222B7D86519}.Installer-Release|Win32.ActiveCfg = Release|Win32
		{5F615F91-DFF8-4F05-BF48-6222B7D86519}.Installer-Release|Win32.Build.0 = Release|Win32
		{5F615F91-DFF8-4F05-BF48-6222B7D86519}.Memento|Win32.ActiveCfg = Memento|Win32
		{5F615F91-DFF8-4F05-BF48-6222B7D86519}.Memento|Win32.Build.0 = Memento|Win32
		{5F615F91-DFF8-4F05-BF48-6222B7D86519}.Release|Win32.ActiveCfg = Release|Win32
		{5F615F91-DFF8-4F05-BF48-6222B7D86519}.Release|Win32.Build.0 = Release|Win32
		{EC81A9F3-88A6-4170-B7B4-C41CB789A7F6}.Debug|Win32.ActiveCfg = Debug|Win32
		{EC81A9F3-88A6-4170-B7B4-C41CB789A7F6}.Debug|Win32.Build.0 = Debug|Win32
		{EC81A9F3-88A6-4170-B7B4-C41CB789A7F6}.Installer-Debug|Win32.ActiveCfg = Debug|Win32
		{EC81A9F3-88A6-4170-B7B4-C41CB789A7F6}.Installer-Debug|Win32.Build.0 = Debug|Win32
		{EC81A9F3-88A6-4170-B7B4-C41CB789A7F6}.Installer-Release|Win32.ActiveCfg = Release|Win32
		{EC81A9F3-88A6-4170-B7B4-C41CB789A7F6}.Installer-Release|Win32.Build.0 = Release|Win32
		{EC81A9F3-88A6-4170-B7B4-C41CB789A7F6}.Memento|Win32.ActiveCfg = Memento|Win32
		{EC81A9F3-88A6-4170-B7B4-C41CB789A7F6}.Memento|Win32.Build.0 = Memento|Win32
		{EC81A9F3-88A6-4170-B7B4-C41CB789A7F6}.Release|Win32.ActiveCfg = Release|Win32
		{EC81A9F3-88A6-4170-B7B4-C41CB789A7F6}.Release|Win32.Build.0 = Release|Win32
		{E74F29F0-FA43-4ADC-B92C-6AFA08E4A417}.Debug|Win32.ActiveCfg = Debug|Win32
		{E74F29F0-FA43-4ADC-B92C-6AFA08E4A417}.Debug|Win32.Build.0 = Debug|Win32
		{E74F29F0-FA43-4ADC-B92C-6AFA08E4A417}.Installer-Debug|Win32.ActiveCfg = Debug|Win32
		{E74F29F0-FA43-4ADC-B92C-6AFA08E4A417}.Installer-Debug|Win32.Build.0 = Debug|Win32
		{E74F29F0-FA43-4ADC-B92C-6AFA08E4A417}.Installer-Release|Win32.ActiveCfg = Release|Win32
		{E74F29F0-FA43-4ADC-B92C-6AFA08E4A417}.Installer-Release|Win32.Build.0 = Release|Win32
		{E74F29F0-FA43-4ADC-B92C-6AFA08E4A417}.Memento|Win32.ActiveCfg = Memento|Win32
		{E74F29F0-FA43-4ADC-B92C-6AFA08E4A417}.Memento|Win32.Build.0 = Memento|Win32
		{E74F29F0-FA43-4ADC-B92C-6AFA08E4A417}.Release|Win32.ActiveCfg = Release|Win32
		{E74F29F0-FA43-4ADC-B92C-6AFA08E4A417}.Release|Win32.Build.0 = Release|Win32
		{5EDCF4FD-0291-4FB9-8D96-D58957CA5E3C}.Debug|Win32.ActiveCfg = Debug|Win32
		{5EDCF4FD-0291-4FB9-8D96-D58957CA5E3C}.Debug|Win32.Build.0 = Debug|Win32
		{5EDCF4FD-0291-4FB9-8D96-D58957CA5E3C}.Installer-Debug|Win32.ActiveCfg = Debug|Win32
		{5EDCF4FD-0291-4FB9-8D96-D58957CA5E3C}.Installer-Debug|Win32.Build.0 = Debug|Win32
		{5EDCF4FD-0291-4FB9-8D96-D58957CA5E3C}.Installer-Release|Win32.ActiveCfg = Release|Win32
		{5EDCF4FD-0291-4FB9-8D96-D58957CA5E3C}.Installer-Release|Win32.Build.0 = Release|Win32
		{5EDCF4FD-0291-4FB9-8D96-D58957CA5E3C}.Memento|Win32.ActiveCfg = Memento|Win32
		{5EDCF4FD-0291-4FB9-8D96-D58957CA5E3C}.Memento|Win32.Build.0 = Memento|Win32
		{5EDCF4FD-0291-4FB9-8D96-D58957CA5E3C}.Release|Win32.ActiveCfg = Release|Win32
		{5EDCF4FD-0291-4FB9-8D96-D58957CA5E3C}.Release|Win32.Build.0 = Release|Win32
	EndGlobalSection
	GlobalSection(SolutionProperties) = preSolution
		HideSolutionNode = FALSE
	EndGlobalSection
EndGlobal
