
Microsoft Visual Studio Solution File, Format Version 9.00
# Visual Studio 2005
Project("{8BC9CEB8-8B4A-11D0-8D11-00A0C91BC942}") = "EDP", "EDP\EDP.vcproj", "{F187F92A-9404-45FB-871A-081D1A5979DF}"
EndProject
Global
	GlobalSection(SolutionConfigurationPlatforms) = preSolution
		Debug|Win32 = Debug|Win32
		Release|Win32 = Release|Win32
	EndGlobalSection
	GlobalSection(ProjectConfigurationPlatforms) = postSolution
		{F187F92A-9404-45FB-871A-081D1A5979DF}.Debug|Win32.ActiveCfg = Debug|Win32
		{F187F92A-9404-45FB-871A-081D1A5979DF}.Debug|Win32.Build.0 = Debug|Win32
		{F187F92A-9404-45FB-871A-081D1A5979DF}.Release|Win32.ActiveCfg = Release|Win32
		{F187F92A-9404-45FB-871A-081D1A5979DF}.Release|Win32.Build.0 = Release|Win32
	EndGlobalSection
	GlobalSection(SolutionProperties) = preSolution
		HideSolutionNode = FALSE
	EndGlobalSection
EndGlobal
